// !$*UTF8*$!
{
	archiveVersion = 1;
	classes = {
	};
	objectVersion = 48;
	objects = {

/* Begin PBXBuildFile section */
		A326D71E20B4CA9000F8566D /* Car.swift in Sources */ = {isa = PBXBuildFile; fileRef = A326D71D20B4CA9000F8566D /* Car.swift */; };
		A37D2A3F20B4B84E00A41F56 /* AppDelegate.swift in Sources */ = {isa = PBXBuildFile; fileRef = A37D2A3E20B4B84E00A41F56 /* AppDelegate.swift */; };
		A37D2A4420B4B84E00A41F56 /* Main.storyboard in Resources */ = {isa = PBXBuildFile; fileRef = A37D2A4220B4B84E00A41F56 /* Main.storyboard */; };
		A37D2A4620B4B84E00A41F56 /* Assets.xcassets in Resources */ = {isa = PBXBuildFile; fileRef = A37D2A4520B4B84E00A41F56 /* Assets.xcassets */; };
		A37D2A4920B4B84E00A41F56 /* LaunchScreen.storyboard in Resources */ = {isa = PBXBuildFile; fileRef = A37D2A4720B4B84E00A41F56 /* LaunchScreen.storyboard */; };
		A37D2A5920B4BF3000A41F56 /* CarsTablePresenter.swift in Sources */ = {isa = PBXBuildFile; fileRef = A37D2A5320B4BF3000A41F56 /* CarsTablePresenter.swift */; };
		A37D2A5A20B4BF3000A41F56 /* CarsTableWorker.swift in Sources */ = {isa = PBXBuildFile; fileRef = A37D2A5420B4BF3000A41F56 /* CarsTableWorker.swift */; };
		A37D2A5B20B4BF3000A41F56 /* CarsTableRouter.swift in Sources */ = {isa = PBXBuildFile; fileRef = A37D2A5520B4BF3000A41F56 /* CarsTableRouter.swift */; };
		A37D2A5C20B4BF3000A41F56 /* CarsTableModels.swift in Sources */ = {isa = PBXBuildFile; fileRef = A37D2A5620B4BF3000A41F56 /* CarsTableModels.swift */; };
		A37D2A5D20B4BF3000A41F56 /* CarsTableViewController.swift in Sources */ = {isa = PBXBuildFile; fileRef = A37D2A5720B4BF3000A41F56 /* CarsTableViewController.swift */; };
		A37D2A5E20B4BF3000A41F56 /* CarsTableInteractor.swift in Sources */ = {isa = PBXBuildFile; fileRef = A37D2A5820B4BF3000A41F56 /* CarsTableInteractor.swift */; };
		A37D2A6520B4BF9500A41F56 /* AddCarPresenter.swift in Sources */ = {isa = PBXBuildFile; fileRef = A37D2A5F20B4BF9500A41F56 /* AddCarPresenter.swift */; };
		A37D2A6620B4BF9500A41F56 /* AddCarWorker.swift in Sources */ = {isa = PBXBuildFile; fileRef = A37D2A6020B4BF9500A41F56 /* AddCarWorker.swift */; };
		A37D2A6720B4BF9500A41F56 /* AddCarRouter.swift in Sources */ = {isa = PBXBuildFile; fileRef = A37D2A6120B4BF9500A41F56 /* AddCarRouter.swift */; };
		A37D2A6820B4BF9500A41F56 /* AddCarModels.swift in Sources */ = {isa = PBXBuildFile; fileRef = A37D2A6220B4BF9500A41F56 /* AddCarModels.swift */; };
		A37D2A6920B4BF9500A41F56 /* AddCarViewController.swift in Sources */ = {isa = PBXBuildFile; fileRef = A37D2A6320B4BF9500A41F56 /* AddCarViewController.swift */; };
		A37D2A6A20B4BF9500A41F56 /* AddCarInteractor.swift in Sources */ = {isa = PBXBuildFile; fileRef = A37D2A6420B4BF9500A41F56 /* AddCarInteractor.swift */; };
		C51960760F61D955F8B8797D /* Pods_CarsRealmCleanSwiftVIP.framework in Frameworks */ = {isa = PBXBuildFile; fileRef = ED555226AB4D15D063F85E38 /* Pods_CarsRealmCleanSwiftVIP.framework */; };
/* End PBXBuildFile section */

/* Begin PBXFileReference section */
		030DE039BB4EE92674EDA312 /* Pods-CarsRealmCleanSwiftVIP.debug.xcconfig */ = {isa = PBXFileReference; includeInIndex = 1; lastKnownFileType = text.xcconfig; name = "Pods-CarsRealmCleanSwiftVIP.debug.xcconfig"; path = "Pods/Target Support Files/Pods-CarsRealmCleanSwiftVIP/Pods-CarsRealmCleanSwiftVIP.debug.xcconfig"; sourceTree = "<group>"; };
		6021D0E25DA3584DB56B4E04 /* Pods-CarsRealmCleanSwiftVIP.release.xcconfig */ = {isa = PBXFileReference; includeInIndex = 1; lastKnownFileType = text.xcconfig; name = "Pods-CarsRealmCleanSwiftVIP.release.xcconfig"; path = "Pods/Target Support Files/Pods-CarsRealmCleanSwiftVIP/Pods-CarsRealmCleanSwiftVIP.release.xcconfig"; sourceTree = "<group>"; };
		A326D71D20B4CA9000F8566D /* Car.swift */ = {isa = PBXFileReference; lastKnownFileType = sourcecode.swift; path = Car.swift; sourceTree = "<group>"; };
		A37D2A3B20B4B84E00A41F56 /* CarsRealmCleanSwiftVIP.app */ = {isa = PBXFileReference; explicitFileType = wrapper.application; includeInIndex = 0; path = CarsRealmCleanSwiftVIP.app; sourceTree = BUILT_PRODUCTS_DIR; };
		A37D2A3E20B4B84E00A41F56 /* AppDelegate.swift */ = {isa = PBXFileReference; lastKnownFileType = sourcecode.swift; path = AppDelegate.swift; sourceTree = "<group>"; };
		A37D2A4320B4B84E00A41F56 /* Base */ = {isa = PBXFileReference; lastKnownFileType = file.storyboard; name = Base; path = Base.lproj/Main.storyboard; sourceTree = "<group>"; };
		A37D2A4520B4B84E00A41F56 /* Assets.xcassets */ = {isa = PBXFileReference; lastKnownFileType = folder.assetcatalog; path = Assets.xcassets; sourceTree = "<group>"; };
		A37D2A4820B4B84E00A41F56 /* Base */ = {isa = PBXFileReference; lastKnownFileType = file.storyboard; name = Base; path = Base.lproj/LaunchScreen.storyboard; sourceTree = "<group>"; };
		A37D2A4A20B4B84F00A41F56 /* Info.plist */ = {isa = PBXFileReference; lastKnownFileType = text.plist.xml; path = Info.plist; sourceTree = "<group>"; };
		A37D2A5320B4BF3000A41F56 /* CarsTablePresenter.swift */ = {isa = PBXFileReference; lastKnownFileType = sourcecode.swift; path = CarsTablePresenter.swift; sourceTree = "<group>"; };
		A37D2A5420B4BF3000A41F56 /* CarsTableWorker.swift */ = {isa = PBXFileReference; lastKnownFileType = sourcecode.swift; path = CarsTableWorker.swift; sourceTree = "<group>"; };
		A37D2A5520B4BF3000A41F56 /* CarsTableRouter.swift */ = {isa = PBXFileReference; lastKnownFileType = sourcecode.swift; path = CarsTableRouter.swift; sourceTree = "<group>"; };
		A37D2A5620B4BF3000A41F56 /* CarsTableModels.swift */ = {isa = PBXFileReference; lastKnownFileType = sourcecode.swift; path = CarsTableModels.swift; sourceTree = "<group>"; };
		A37D2A5720B4BF3000A41F56 /* CarsTableViewController.swift */ = {isa = PBXFileReference; lastKnownFileType = sourcecode.swift; path = CarsTableViewController.swift; sourceTree = "<group>"; };
		A37D2A5820B4BF3000A41F56 /* CarsTableInteractor.swift */ = {isa = PBXFileReference; lastKnownFileType = sourcecode.swift; path = CarsTableInteractor.swift; sourceTree = "<group>"; };
		A37D2A5F20B4BF9500A41F56 /* AddCarPresenter.swift */ = {isa = PBXFileReference; lastKnownFileType = sourcecode.swift; path = AddCarPresenter.swift; sourceTree = "<group>"; };
		A37D2A6020B4BF9500A41F56 /* AddCarWorker.swift */ = {isa = PBXFileReference; lastKnownFileType = sourcecode.swift; path = AddCarWorker.swift; sourceTree = "<group>"; };
		A37D2A6120B4BF9500A41F56 /* AddCarRouter.swift */ = {isa = PBXFileReference; lastKnownFileType = sourcecode.swift; path = AddCarRouter.swift; sourceTree = "<group>"; };
		A37D2A6220B4BF9500A41F56 /* AddCarModels.swift */ = {isa = PBXFileReference; lastKnownFileType = sourcecode.swift; path = AddCarModels.swift; sourceTree = "<group>"; };
		A37D2A6320B4BF9500A41F56 /* AddCarViewController.swift */ = {isa = PBXFileReference; lastKnownFileType = sourcecode.swift; path = AddCarViewController.swift; sourceTree = "<group>"; };
		A37D2A6420B4BF9500A41F56 /* AddCarInteractor.swift */ = {isa = PBXFileReference; lastKnownFileType = sourcecode.swift; path = AddCarInteractor.swift; sourceTree = "<group>"; };
		ED555226AB4D15D063F85E38 /* Pods_CarsRealmCleanSwiftVIP.framework */ = {isa = PBXFileReference; explicitFileType = wrapper.framework; includeInIndex = 0; path = Pods_CarsRealmCleanSwiftVIP.framework; sourceTree = BUILT_PRODUCTS_DIR; };
/* End PBXFileReference section */

/* Begin PBXFrameworksBuildPhase section */
		A37D2A3820B4B84E00A41F56 /* Frameworks */ = {
			isa = PBXFrameworksBuildPhase;
			buildActionMask = 2147483647;
			files = (
				C51960760F61D955F8B8797D /* Pods_CarsRealmCleanSwiftVIP.framework in Frameworks */,
			);
			runOnlyForDeploymentPostprocessing = 0;
		};
/* End PBXFrameworksBuildPhase section */

/* Begin PBXGroup section */
		A326D71C20B4CA8100F8566D /* Car */ = {
			isa = PBXGroup;
			children = (
				A326D71D20B4CA9000F8566D /* Car.swift */,
			);
			path = Car;
			sourceTree = "<group>";
		};
		A37D2A3220B4B84E00A41F56 = {
			isa = PBXGroup;
			children = (
				A37D2A3D20B4B84E00A41F56 /* CarsRealmCleanSwiftVIP */,
				A37D2A3C20B4B84E00A41F56 /* Products */,
				B9540D639BEBD649FCABFC34 /* Pods */,
				EF1A04D74A414E747152A7A3 /* Frameworks */,
			);
			sourceTree = "<group>";
		};
		A37D2A3C20B4B84E00A41F56 /* Products */ = {
			isa = PBXGroup;
			children = (
				A37D2A3B20B4B84E00A41F56 /* CarsRealmCleanSwiftVIP.app */,
			);
			name = Products;
			sourceTree = "<group>";
		};
		A37D2A3D20B4B84E00A41F56 /* CarsRealmCleanSwiftVIP */ = {
			isa = PBXGroup;
			children = (
				A37D2A3E20B4B84E00A41F56 /* AppDelegate.swift */,
				A37D2A5020B4BEA900A41F56 /* Scenes */,
				A37D2A4220B4B84E00A41F56 /* Main.storyboard */,
				A37D2A4520B4B84E00A41F56 /* Assets.xcassets */,
				A37D2A4720B4B84E00A41F56 /* LaunchScreen.storyboard */,
				A37D2A4A20B4B84F00A41F56 /* Info.plist */,
			);
			path = CarsRealmCleanSwiftVIP;
			sourceTree = "<group>";
		};
		A37D2A5020B4BEA900A41F56 /* Scenes */ = {
			isa = PBXGroup;
			children = (
				A326D71C20B4CA8100F8566D /* Car */,
				A37D2A5120B4BEBA00A41F56 /* CarsTable */,
				A37D2A5220B4BEF900A41F56 /* AddCar */,
			);
			path = Scenes;
			sourceTree = "<group>";
		};
		A37D2A5120B4BEBA00A41F56 /* CarsTable */ = {
			isa = PBXGroup;
			children = (
				A37D2A5320B4BF3000A41F56 /* CarsTablePresenter.swift */,
				A37D2A5420B4BF3000A41F56 /* CarsTableWorker.swift */,
				A37D2A5520B4BF3000A41F56 /* CarsTableRouter.swift */,
				A37D2A5620B4BF3000A41F56 /* CarsTableModels.swift */,
				A37D2A5720B4BF3000A41F56 /* CarsTableViewController.swift */,
				A37D2A5820B4BF3000A41F56 /* CarsTableInteractor.swift */,
			);
			path = CarsTable;
			sourceTree = "<group>";
		};
		A37D2A5220B4BEF900A41F56 /* AddCar */ = {
			isa = PBXGroup;
			children = (
				A37D2A5F20B4BF9500A41F56 /* AddCarPresenter.swift */,
				A37D2A6020B4BF9500A41F56 /* AddCarWorker.swift */,
				A37D2A6120B4BF9500A41F56 /* AddCarRouter.swift */,
				A37D2A6220B4BF9500A41F56 /* AddCarModels.swift */,
				A37D2A6320B4BF9500A41F56 /* AddCarViewController.swift */,
				A37D2A6420B4BF9500A41F56 /* AddCarInteractor.swift */,
			);
			path = AddCar;
			sourceTree = "<group>";
		};
		B9540D639BEBD649FCABFC34 /* Pods */ = {
			isa = PBXGroup;
			children = (
				030DE039BB4EE92674EDA312 /* Pods-CarsRealmCleanSwiftVIP.debug.xcconfig */,
				6021D0E25DA3584DB56B4E04 /* Pods-CarsRealmCleanSwiftVIP.release.xcconfig */,
			);
			name = Pods;
			sourceTree = "<group>";
		};
		EF1A04D74A414E747152A7A3 /* Frameworks */ = {
			isa = PBXGroup;
			children = (
				ED555226AB4D15D063F85E38 /* Pods_CarsRealmCleanSwiftVIP.framework */,
			);
			name = Frameworks;
			sourceTree = "<group>";
		};
/* End PBXGroup section */

/* Begin PBXNativeTarget section */
		A37D2A3A20B4B84E00A41F56 /* CarsRealmCleanSwiftVIP */ = {
			isa = PBXNativeTarget;
			buildConfigurationList = A37D2A4D20B4B84F00A41F56 /* Build configuration list for PBXNativeTarget "CarsRealmCleanSwiftVIP" */;
			buildPhases = (
				BC5AA062F57F6E7F1A6688CA /* [CP] Check Pods Manifest.lock */,
				A37D2A3720B4B84E00A41F56 /* Sources */,
				A37D2A3820B4B84E00A41F56 /* Frameworks */,
				A37D2A3920B4B84E00A41F56 /* Resources */,
				333ECA033FB656A3D6A98F7C /* [CP] Embed Pods Frameworks */,
				F067A00499CE25D198BCC92E /* [CP] Copy Pods Resources */,
			);
			buildRules = (
			);
			dependencies = (
			);
			name = CarsRealmCleanSwiftVIP;
			productName = CarsRealmCleanSwiftVIP;
			productReference = A37D2A3B20B4B84E00A41F56 /* CarsRealmCleanSwiftVIP.app */;
			productType = "com.apple.product-type.application";
		};
/* End PBXNativeTarget section */

/* Begin PBXProject section */
		A37D2A3320B4B84E00A41F56 /* Project object */ = {
			isa = PBXProject;
			attributes = {
				LastSwiftUpdateCheck = 0920;
				LastUpgradeCheck = 0920;
				ORGANIZATIONNAME = "Patrick Pahl";
				TargetAttributes = {
					A37D2A3A20B4B84E00A41F56 = {
						CreatedOnToolsVersion = 9.2;
						ProvisioningStyle = Automatic;
					};
				};
			};
			buildConfigurationList = A37D2A3620B4B84E00A41F56 /* Build configuration list for PBXProject "CarsRealmCleanSwiftVIP" */;
			compatibilityVersion = "Xcode 8.0";
			developmentRegion = en;
			hasScannedForEncodings = 0;
			knownRegions = (
				en,
				Base,
			);
			mainGroup = A37D2A3220B4B84E00A41F56;
			productRefGroup = A37D2A3C20B4B84E00A41F56 /* Products */;
			projectDirPath = "";
			projectRoot = "";
			targets = (
				A37D2A3A20B4B84E00A41F56 /* CarsRealmCleanSwiftVIP */,
			);
		};
/* End PBXProject section */

/* Begin PBXResourcesBuildPhase section */
		A37D2A3920B4B84E00A41F56 /* Resources */ = {
			isa = PBXResourcesBuildPhase;
			buildActionMask = 2147483647;
			files = (
				A37D2A4920B4B84E00A41F56 /* LaunchScreen.storyboard in Resources */,
				A37D2A4620B4B84E00A41F56 /* Assets.xcassets in Resources */,
				A37D2A4420B4B84E00A41F56 /* Main.storyboard in Resources */,
			);
			runOnlyForDeploymentPostprocessing = 0;
		};
/* End PBXResourcesBuildPhase section */

/* Begin PBXShellScriptBuildPhase section */
		333ECA033FB656A3D6A98F7C /* [CP] Embed Pods Frameworks */ = {
			isa = PBXShellScriptBuildPhase;
			buildActionMask = 2147483647;
			files = (
			);
			inputPaths = (
				"${SRCROOT}/Pods/Target Support Files/Pods-CarsRealmCleanSwiftVIP/Pods-CarsRealmCleanSwiftVIP-frameworks.sh",
				"${BUILT_PRODUCTS_DIR}/Realm/Realm.framework",
				"${BUILT_PRODUCTS_DIR}/RealmSwift/RealmSwift.framework",
			);
			name = "[CP] Embed Pods Frameworks";
			outputPaths = (
				"${TARGET_BUILD_DIR}/${FRAMEWORKS_FOLDER_PATH}/Realm.framework",
				"${TARGET_BUILD_DIR}/${FRAMEWORKS_FOLDER_PATH}/RealmSwift.framework",
			);
			runOnlyForDeploymentPostprocessing = 0;
			shellPath = /bin/sh;
			shellScript = "\"${SRCROOT}/Pods/Target Support Files/Pods-CarsRealmCleanSwiftVIP/Pods-CarsRealmCleanSwiftVIP-frameworks.sh\"\n";
			showEnvVarsInLog = 0;
		};
		BC5AA062F57F6E7F1A6688CA /* [CP] Check Pods Manifest.lock */ = {
			isa = PBXShellScriptBuildPhase;
			buildActionMask = 2147483647;
			files = (
			);
			inputPaths = (
				"${PODS_PODFILE_DIR_PATH}/Podfile.lock",
				"${PODS_ROOT}/Manifest.lock",
			);
			name = "[CP] Check Pods Manifest.lock";
			outputPaths = (
				"$(DERIVED_FILE_DIR)/Pods-CarsRealmCleanSwiftVIP-checkManifestLockResult.txt",
			);
			runOnlyForDeploymentPostprocessing = 0;
			shellPath = /bin/sh;
			shellScript = "diff \"${PODS_PODFILE_DIR_PATH}/Podfile.lock\" \"${PODS_ROOT}/Manifest.lock\" > /dev/null\nif [ $? != 0 ] ; then\n    # print error to STDERR\n    echo \"error: The sandbox is not in sync with the Podfile.lock. Run 'pod install' or update your CocoaPods installation.\" >&2\n    exit 1\nfi\n# This output is used by Xcode 'outputs' to avoid re-running this script phase.\necho \"SUCCESS\" > \"${SCRIPT_OUTPUT_FILE_0}\"\n";
			showEnvVarsInLog = 0;
		};
		F067A00499CE25D198BCC92E /* [CP] Copy Pods Resources */ = {
			isa = PBXShellScriptBuildPhase;
			buildActionMask = 2147483647;
			files = (
			);
			inputPaths = (
			);
			name = "[CP] Copy Pods Resources";
			outputPaths = (
			);
			runOnlyForDeploymentPostprocessing = 0;
			shellPath = /bin/sh;
			shellScript = "\"${SRCROOT}/Pods/Target Support Files/Pods-CarsRealmCleanSwiftVIP/Pods-CarsRealmCleanSwiftVIP-resources.sh\"\n";
			showEnvVarsInLog = 0;
		};
/* End PBXShellScriptBuildPhase section */

/* Begin PBXSourcesBuildPhase section */
		A37D2A3720B4B84E00A41F56 /* Sources */ = {
			isa = PBXSourcesBuildPhase;
			buildActionMask = 2147483647;
			files = (
				A37D2A5A20B4BF3000A41F56 /* CarsTableWorker.swift in Sources */,
				A37D2A5E20B4BF3000A41F56 /* CarsTableInteractor.swift in Sources */,
				A37D2A5920B4BF3000A41F56 /* CarsTablePresenter.swift in Sources */,
				A37D2A6920B4BF9500A41F56 /* AddCarViewController.swift in Sources */,
				A37D2A5C20B4BF3000A41F56 /* CarsTableModels.swift in Sources */,
				A37D2A6620B4BF9500A41F56 /* AddCarWorker.swift in Sources */,
				A37D2A6720B4BF9500A41F56 /* AddCarRouter.swift in Sources */,
				A37D2A5B20B4BF3000A41F56 /* CarsTableRouter.swift in Sources */,
				A37D2A6820B4BF9500A41F56 /* AddCarModels.swift in Sources */,
				A37D2A5D20B4BF3000A41F56 /* CarsTableViewController.swift in Sources */,
				A37D2A3F20B4B84E00A41F56 /* AppDelegate.swift in Sources */,
				A37D2A6A20B4BF9500A41F56 /* AddCarInteractor.swift in Sources */,
				A326D71E20B4CA9000F8566D /* Car.swift in Sources */,
				A37D2A6520B4BF9500A41F56 /* AddCarPresenter.swift in Sources */,
			);
			runOnlyForDeploymentPostprocessing = 0;
		};
/* End PBXSourcesBuildPhase section */

/* Begin PBXVariantGroup section */
		A37D2A4220B4B84E00A41F56 /* Main.storyboard */ = {
			isa = PBXVariantGroup;
			children = (
				A37D2A4320B4B84E00A41F56 /* Base */,
			);
			name = Main.storyboard;
			sourceTree = "<group>";
		};
		A37D2A4720B4B84E00A41F56 /* LaunchScreen.storyboard */ = {
			isa = PBXVariantGroup;
			children = (
				A37D2A4820B4B84E00A41F56 /* Base */,
			);
			name = LaunchScreen.storyboard;
			sourceTree = "<group>";
		};
/* End PBXVariantGroup section */

/* Begin XCBuildConfiguration section */
		A37D2A4B20B4B84F00A41F56 /* Debug */ = {
			isa = XCBuildConfiguration;
			buildSettings = {
				ALWAYS_SEARCH_USER_PATHS = NO;
				CLANG_ANALYZER_NONNULL = YES;
				CLANG_ANALYZER_NUMBER_OBJECT_CONVERSION = YES_AGGRESSIVE;
				CLANG_CXX_LANGUAGE_STANDARD = "gnu++14";
				CLANG_CXX_LIBRARY = "libc++";
				CLANG_ENABLE_MODULES = YES;
				CLANG_ENABLE_OBJC_ARC = YES;
				CLANG_WARN_BLOCK_CAPTURE_AUTORELEASING = YES;
				CLANG_WARN_BOOL_CONVERSION = YES;
				CLANG_WARN_COMMA = YES;
				CLANG_WARN_CONSTANT_CONVERSION = YES;
				CLANG_WARN_DIRECT_OBJC_ISA_USAGE = YES_ERROR;
				CLANG_WARN_DOCUMENTATION_COMMENTS = YES;
				CLANG_WARN_EMPTY_BODY = YES;
				CLANG_WARN_ENUM_CONVERSION = YES;
				CLANG_WARN_INFINITE_RECURSION = YES;
				CLANG_WARN_INT_CONVERSION = YES;
				CLANG_WARN_NON_LITERAL_NULL_CONVERSION = YES;
				CLANG_WARN_OBJC_LITERAL_CONVERSION = YES;
				CLANG_WARN_OBJC_ROOT_CLASS = YES_ERROR;
				CLANG_WARN_RANGE_LOOP_ANALYSIS = YES;
				CLANG_WARN_STRICT_PROTOTYPES = YES;
				CLANG_WARN_SUSPICIOUS_MOVE = YES;
				CLANG_WARN_UNGUARDED_AVAILABILITY = YES_AGGRESSIVE;
				CLANG_WARN_UNREACHABLE_CODE = YES;
				CLANG_WARN__DUPLICATE_METHOD_MATCH = YES;
				CODE_SIGN_IDENTITY = "iPhone Developer";
				COPY_PHASE_STRIP = NO;
				DEBUG_INFORMATION_FORMAT = dwarf;
				ENABLE_STRICT_OBJC_MSGSEND = YES;
				ENABLE_TESTABILITY = YES;
				GCC_C_LANGUAGE_STANDARD = gnu11;
				GCC_DYNAMIC_NO_PIC = NO;
				GCC_NO_COMMON_BLOCKS = YES;
				GCC_OPTIMIZATION_LEVEL = 0;
				GCC_PREPROCESSOR_DEFINITIONS = (
					"DEBUG=1",
					"$(inherited)",
				);
				GCC_WARN_64_TO_32_BIT_CONVERSION = YES;
				GCC_WARN_ABOUT_RETURN_TYPE = YES_ERROR;
				GCC_WARN_UNDECLARED_SELECTOR = YES;
				GCC_WARN_UNINITIALIZED_AUTOS = YES_AGGRESSIVE;
				GCC_WARN_UNUSED_FUNCTION = YES;
				GCC_WARN_UNUSED_VARIABLE = YES;
				IPHONEOS_DEPLOYMENT_TARGET = 11.2;
				MTL_ENABLE_DEBUG_INFO = YES;
				ONLY_ACTIVE_ARCH = YES;
				SDKROOT = iphoneos;
				SWIFT_ACTIVE_COMPILATION_CONDITIONS = DEBUG;
				SWIFT_OPTIMIZATION_LEVEL = "-Onone";
			};
			name = Debug;
		};
		A37D2A4C20B4B84F00A41F56 /* Release */ = {
			isa = XCBuildConfiguration;
			buildSettings = {
				ALWAYS_SEARCH_USER_PATHS = NO;
				CLANG_ANALYZER_NONNULL = YES;
				CLANG_ANALYZER_NUMBER_OBJECT_CONVERSION = YES_AGGRESSIVE;
				CLANG_CXX_LANGUAGE_STANDARD = "gnu++14";
				CLANG_CXX_LIBRARY = "libc++";
				CLANG_ENABLE_MODULES = YES;
				CLANG_ENABLE_OBJC_ARC = YES;
				CLANG_WARN_BLOCK_CAPTURE_AUTORELEASING = YES;
				CLANG_WARN_BOOL_CONVERSION = YES;
				CLANG_WARN_COMMA = YES;
				CLANG_WARN_CONSTANT_CONVERSION = YES;
				CLANG_WARN_DIRECT_OBJC_ISA_USAGE = YES_ERROR;
				CLANG_WARN_DOCUMENTATION_COMMENTS = YES;
				CLANG_WARN_EMPTY_BODY = YES;
				CLANG_WARN_ENUM_CONVERSION = YES;
				CLANG_WARN_INFINITE_RECURSION = YES;
				CLANG_WARN_INT_CONVERSION = YES;
				CLANG_WARN_NON_LITERAL_NULL_CONVERSION = YES;
				CLANG_WARN_OBJC_LITERAL_CONVERSION = YES;
				CLANG_WARN_OBJC_ROOT_CLASS = YES_ERROR;
				CLANG_WARN_RANGE_LOOP_ANALYSIS = YES;
				CLANG_WARN_STRICT_PROTOTYPES = YES;
				CLANG_WARN_SUSPICIOUS_MOVE = YES;
				CLANG_WARN_UNGUARDED_AVAILABILITY = YES_AGGRESSIVE;
				CLANG_WARN_UNREACHABLE_CODE = YES;
				CLANG_WARN__DUPLICATE_METHOD_MATCH = YES;
				CODE_SIGN_IDENTITY = "iPhone Developer";
				COPY_PHASE_STRIP = NO;
				DEBUG_INFORMATION_FORMAT = "dwarf-with-dsym";
				ENABLE_NS_ASSERTIONS = NO;
				ENABLE_STRICT_OBJC_MSGSEND = YES;
				GCC_C_LANGUAGE_STANDARD = gnu11;
				GCC_NO_COMMON_BLOCKS = YES;
				GCC_WARN_64_TO_32_BIT_CONVERSION = YES;
				GCC_WARN_ABOUT_RETURN_TYPE = YES_ERROR;
				GCC_WARN_UNDECLARED_SELECTOR = YES;
				GCC_WARN_UNINITIALIZED_AUTOS = YES_AGGRESSIVE;
				GCC_WARN_UNUSED_FUNCTION = YES;
				GCC_WARN_UNUSED_VARIABLE = YES;
				IPHONEOS_DEPLOYMENT_TARGET = 11.2;
				MTL_ENABLE_DEBUG_INFO = NO;
				SDKROOT = iphoneos;
				SWIFT_OPTIMIZATION_LEVEL = "-Owholemodule";
				VALIDATE_PRODUCT = YES;
			};
			name = Release;
		};
		A37D2A4E20B4B84F00A41F56 /* Debug */ = {
			isa = XCBuildConfiguration;
			baseConfigurationReference = 030DE039BB4EE92674EDA312 /* Pods-CarsRealmCleanSwiftVIP.debug.xcconfig */;
			buildSettings = {
				ASSETCATALOG_COMPILER_APPICON_NAME = AppIcon;
				CODE_SIGN_STYLE = Automatic;
				DEVELOPMENT_TEAM = 7V9H5ZK35E;
				INFOPLIST_FILE = CarsRealmCleanSwiftVIP/Info.plist;
				LD_RUNPATH_SEARCH_PATHS = "$(inherited) @executable_path/Frameworks";
				PRODUCT_BUNDLE_IDENTIFIER = "com.Patrick-Pahl.CarsRealmCleanSwiftVIP";
				PRODUCT_NAME = "$(TARGET_NAME)";
				SWIFT_VERSION = 4.0;
				TARGETED_DEVICE_FAMILY = "1,2";
			};
			name = Debug;
		};
		A37D2A4F20B4B84F00A41F56 /* Release */ = {
			isa = XCBuildConfiguration;
			baseConfigurationReference = 6021D0E25DA3584DB56B4E04 /* Pods-CarsRealmCleanSwiftVIP.release.xcconfig */;
			buildSettings = {
				ASSETCATALOG_COMPILER_APPICON_NAME = AppIcon;
				CODE_SIGN_STYLE = Automatic;
				DEVELOPMENT_TEAM = 7V9H5ZK35E;
				INFOPLIST_FILE = CarsRealmCleanSwiftVIP/Info.plist;
				LD_RUNPATH_SEARCH_PATHS = "$(inherited) @executable_path/Frameworks";
				PRODUCT_BUNDLE_IDENTIFIER = "com.Patrick-Pahl.CarsRealmCleanSwiftVIP";
				PRODUCT_NAME = "$(TARGET_NAME)";
				SWIFT_VERSION = 4.0;
				TARGETED_DEVICE_FAMILY = "1,2";
			};
			name = Release;
		};
/* End XCBuildConfiguration section */

/* Begin XCConfigurationList section */
		A37D2A3620B4B84E00A41F56 /* Build configuration list for PBXProject "CarsRealmCleanSwiftVIP" */ = {
			isa = XCConfigurationList;
			buildConfigurations = (
				A37D2A4B20B4B84F00A41F56 /* Debug */,
				A37D2A4C20B4B84F00A41F56 /* Release */,
			);
			defaultConfigurationIsVisible = 0;
			defaultConfigurationName = Release;
		};
		A37D2A4D20B4B84F00A41F56 /* Build configuration list for PBXNativeTarget "CarsRealmCleanSwiftVIP" */ = {
			isa = XCConfigurationList;
			buildConfigurations = (
				A37D2A4E20B4B84F00A41F56 /* Debug */,
				A37D2A4F20B4B84F00A41F56 /* Release */,
			);
			defaultConfigurationIsVisible = 0;
			defaultConfigurationName = Release;
		};
/* End XCConfigurationList section */
	};
	rootObject = A37D2A3320B4B84E00A41F56 /* Project object */;
}
